
Microsoft Visual Studio Solution File, Format Version 12.00
# Visual Studio Version 16
VisualStudioVersion = 16.0.28803.202
MinimumVisualStudioVersion = 10.0.40219.1
Project("{FAE04EC0-301F-11D3-BF4B-00C04F79EFBC}") = "TESHCore", "TESHCore\TESHCore.csproj", "{4032C74A-1F0F-4994-8D05-AB56DB5BCC9B}"
EndProject
Global
	GlobalSection(SolutionConfigurationPlatforms) = preSolution
		Debug|Any CPU = Debug|Any CPU
		Release|Any CPU = Release|Any CPU
	EndGlobalSection
	GlobalSection(ProjectConfigurationPlatforms) = postSolution
		{4032C74A-1F0F-4994-8D05-AB56DB5BCC9B}.Debug|Any CPU.ActiveCfg = Debug|Any CPU
		{4032C74A-1F0F-4994-8D05-AB56DB5BCC9B}.Debug|Any CPU.Build.0 = Debug|Any CPU
		{4032C74A-1F0F-4994-8D05-AB56DB5BCC9B}.Release|Any CPU.ActiveCfg = Release|Any CPU
		{4032C74A-1F0F-4994-8D05-AB56DB5BCC9B}.Release|Any CPU.Build.0 = Release|Any CPU
	EndGlobalSection
	GlobalSection(SolutionProperties) = preSolution
		HideSolutionNode = FALSE
	EndGlobalSection
	GlobalSection(ExtensibilityGlobals) = postSolution
		SolutionGuid = {A8F477C5-B893-4643-92F5-5856E6C95026}
	EndGlobalSection
EndGlobal
